
Microsoft Visual Studio Solution File, Format Version 12.00
# Visual Studio Version 17
VisualStudioVersion = 17.5.33414.496
MinimumVisualStudioVersion = 10.0.40219.1
Project("{FAE04EC0-301F-11D3-BF4B-00C04F79EFBC}") = "FilmesApi", "FilmesApi.csproj", "{19845454-7176-4FE2-A9C0-90F0A2694080}"
EndProject
Global
	GlobalSection(SolutionConfigurationPlatforms) = preSolution
		Debug|Any CPU = Debug|Any CPU
		Release|Any CPU = Release|Any CPU
	EndGlobalSection
	GlobalSection(ProjectConfigurationPlatforms) = postSolution
		{19845454-7176-4FE2-A9C0-90F0A2694080}.Debug|Any CPU.ActiveCfg = Debug|Any CPU
		{19845454-7176-4FE2-A9C0-90F0A2694080}.Debug|Any CPU.Build.0 = Debug|Any CPU
		{19845454-7176-4FE2-A9C0-90F0A2694080}.Release|Any CPU.ActiveCfg = Release|Any CPU
		{19845454-7176-4FE2-A9C0-90F0A2694080}.Release|Any CPU.Build.0 = Release|Any CPU
	EndGlobalSection
	GlobalSection(SolutionProperties) = preSolution
		HideSolutionNode = FALSE
	EndGlobalSection
	GlobalSection(ExtensibilityGlobals) = postSolution
		SolutionGuid = {60693DC8-CF22-483C-B6EA-939571066941}
	EndGlobalSection
EndGlobal
